
Microsoft Visual Studio Solution File, Format Version 12.00
# Visual Studio 15
VisualStudioVersion = 15.0.28307.329
MinimumVisualStudioVersion = 10.0.40219.1
Project("{F2A71F9B-5D33-465A-A702-920D77279786}") = "hw_f", "hw_f\hw_f.fsproj", "{6DFF1754-A92B-4831-A1EB-337F916648A4}"
EndProject
Global
	GlobalSection(SolutionConfigurationPlatforms) = preSolution
		Debug|Any CPU = Debug|Any CPU
		Release|Any CPU = Release|Any CPU
	EndGlobalSection
	GlobalSection(ProjectConfigurationPlatforms) = postSolution
		{6DFF1754-A92B-4831-A1EB-337F916648A4}.Debug|Any CPU.ActiveCfg = Debug|Any CPU
		{6DFF1754-A92B-4831-A1EB-337F916648A4}.Debug|Any CPU.Build.0 = Debug|Any CPU
		{6DFF1754-A92B-4831-A1EB-337F916648A4}.Release|Any CPU.ActiveCfg = Release|Any CPU
		{6DFF1754-A92B-4831-A1EB-337F916648A4}.Release|Any CPU.Build.0 = Release|Any CPU
	EndGlobalSection
	GlobalSection(SolutionProperties) = preSolution
		HideSolutionNode = FALSE
	EndGlobalSection
	GlobalSection(ExtensibilityGlobals) = postSolution
		SolutionGuid = {EEDA0524-D057-4495-9477-F86EF7609070}
	EndGlobalSection
EndGlobal
